
Microsoft Visual Studio Solution File, Format Version 12.00
# Visual Studio Version 17
VisualStudioVersion = 17.3.32825.248
MinimumVisualStudioVersion = 10.0.40219.1
Project("{8BC9CEB8-8B4A-11D0-8D11-00A0C91BC942}") = "PlasmaLibrary", "PlasmaLibrary\PlasmaLibrary.vcxproj", "{CE0E1404-16AD-4E46-BD20-BB3928E51F89}"
EndProject
Project("{8BC9CEB8-8B4A-11D0-8D11-00A0C91BC942}") = "PlasmaServer", "PlasmaServer\PlasmaServer.vcxproj", "{E56B5973-E1D7-4656-8927-812339C70EA0}"
EndProject
Project("{2150E333-8FDC-42A3-9474-1A3956D46DE8}") = "C++", "C++", "{8033DDD2-AE08-4F77-87EB-6BCC0817540F}"
EndProject
Project("{2150E333-8FDC-42A3-9474-1A3956D46DE8}") = "CS", "CS", "{34877DAB-12CF-47E8-84B3-17CFD4CAAC9A}"
EndProject
Project("{8BC9CEB8-8B4A-11D0-8D11-00A0C91BC942}") = "UnitTest.PlasmaServer", "UnitTest.PlasmaServer\UnitTest.PlasmaServer.vcxproj", "{B024802A-A6B0-4283-8131-CCEBDA6131D9}"
EndProject
Project("{8BC9CEB8-8B4A-11D0-8D11-00A0C91BC942}") = "PlasmaMain", "PlasmaMain\PlasmaMain.vcxproj", "{BB02BFF6-E1B8-41DF-AA1E-19B1FDFDF1E8}"
EndProject
Project("{9A19103F-16F7-4668-BE54-9A1E7A4F7556}") = "CS.PlasmaLibrary", "CS.PlasmaLibrary\CS.PlasmaLibrary.csproj", "{08EE12CC-CA6D-49C9-86C2-F24AAEF013D8}"
EndProject
Project("{9A19103F-16F7-4668-BE54-9A1E7A4F7556}") = "CS.PlasmaServer", "CS.PlasmaServer\CS.PlasmaServer.csproj", "{870FFD8F-1D10-4B2F-970C-051998D626AF}"
EndProject
Project("{9A19103F-16F7-4668-BE54-9A1E7A4F7556}") = "CS.PlasmaMain", "CS.PlasmaMain\CS.PlasmaMain.csproj", "{C4E27FF9-E488-4280-9DA7-16D6F616827F}"
EndProject
Project("{9A19103F-16F7-4668-BE54-9A1E7A4F7556}") = "CS.UnitTest.PlasmaServer", "CS.UnitTest.PlasmaServer\CS.UnitTest.PlasmaServer.csproj", "{7A61A0D0-2D9E-4F44-AA8E-441C5F463912}"
EndProject
Project("{9A19103F-16F7-4668-BE54-9A1E7A4F7556}") = "CS.PlasmaClient", "CS.PlasmaClient\CS.PlasmaClient.csproj", "{27294BE3-4D60-435B-8874-E27085C1C881}"
EndProject
Project("{9A19103F-16F7-4668-BE54-9A1E7A4F7556}") = "CS.PlasmaCommandLineClient", "CS.PlasmaCommandLineClient\CS.PlasmaCommandLineClient.csproj", "{75143158-FE1E-48C1-97AC-720A561C6884}"
EndProject
Project("{2150E333-8FDC-42A3-9474-1A3956D46DE8}") = "Solution Items", "Solution Items", "{4F8C6A1C-513D-48ED-9562-BDB5A6AC2681}"
	ProjectSection(SolutionItems) = preProject
		.editorconfig = .editorconfig
	EndProjectSection
EndProject
Global
	GlobalSection(SolutionConfigurationPlatforms) = preSolution
		Debug|Any CPU = Debug|Any CPU
		Debug|x64 = Debug|x64
		Debug|x86 = Debug|x86
		Release|Any CPU = Release|Any CPU
		Release|x64 = Release|x64
		Release|x86 = Release|x86
	EndGlobalSection
	GlobalSection(ProjectConfigurationPlatforms) = postSolution
		{CE0E1404-16AD-4E46-BD20-BB3928E51F89}.Debug|Any CPU.ActiveCfg = Debug|x64
		{CE0E1404-16AD-4E46-BD20-BB3928E51F89}.Debug|Any CPU.Build.0 = Debug|x64
		{CE0E1404-16AD-4E46-BD20-BB3928E51F89}.Debug|x64.ActiveCfg = Debug|x64
		{CE0E1404-16AD-4E46-BD20-BB3928E51F89}.Debug|x64.Build.0 = Debug|x64
		{CE0E1404-16AD-4E46-BD20-BB3928E51F89}.Debug|x86.ActiveCfg = Debug|Win32
		{CE0E1404-16AD-4E46-BD20-BB3928E51F89}.Debug|x86.Build.0 = Debug|Win32
		{CE0E1404-16AD-4E46-BD20-BB3928E51F89}.Release|Any CPU.ActiveCfg = Release|x64
		{CE0E1404-16AD-4E46-BD20-BB3928E51F89}.Release|Any CPU.Build.0 = Release|x64
		{CE0E1404-16AD-4E46-BD20-BB3928E51F89}.Release|x64.ActiveCfg = Release|x64
		{CE0E1404-16AD-4E46-BD20-BB3928E51F89}.Release|x64.Build.0 = Release|x64
		{CE0E1404-16AD-4E46-BD20-BB3928E51F89}.Release|x86.ActiveCfg = Release|Win32
		{CE0E1404-16AD-4E46-BD20-BB3928E51F89}.Release|x86.Build.0 = Release|Win32
		{E56B5973-E1D7-4656-8927-812339C70EA0}.Debug|Any CPU.ActiveCfg = Debug|x64
		{E56B5973-E1D7-4656-8927-812339C70EA0}.Debug|Any CPU.Build.0 = Debug|x64
		{E56B5973-E1D7-4656-8927-812339C70EA0}.Debug|x64.ActiveCfg = Debug|x64
		{E56B5973-E1D7-4656-8927-812339C70EA0}.Debug|x64.Build.0 = Debug|x64
		{E56B5973-E1D7-4656-8927-812339C70EA0}.Debug|x86.ActiveCfg = Debug|Win32
		{E56B5973-E1D7-4656-8927-812339C70EA0}.Debug|x86.Build.0 = Debug|Win32
		{E56B5973-E1D7-4656-8927-812339C70EA0}.Release|Any CPU.ActiveCfg = Release|x64
		{E56B5973-E1D7-4656-8927-812339C70EA0}.Release|Any CPU.Build.0 = Release|x64
		{E56B5973-E1D7-4656-8927-812339C70EA0}.Release|x64.ActiveCfg = Release|x64
		{E56B5973-E1D7-4656-8927-812339C70EA0}.Release|x64.Build.0 = Release|x64
		{E56B5973-E1D7-4656-8927-812339C70EA0}.Release|x86.ActiveCfg = Release|Win32
		{E56B5973-E1D7-4656-8927-812339C70EA0}.Release|x86.Build.0 = Release|Win32
		{B024802A-A6B0-4283-8131-CCEBDA6131D9}.Debug|Any CPU.ActiveCfg = Debug|x64
		{B024802A-A6B0-4283-8131-CCEBDA6131D9}.Debug|Any CPU.Build.0 = Debug|x64
		{B024802A-A6B0-4283-8131-CCEBDA6131D9}.Debug|x64.ActiveCfg = Debug|x64
		{B024802A-A6B0-4283-8131-CCEBDA6131D9}.Debug|x64.Build.0 = Debug|x64
		{B024802A-A6B0-4283-8131-CCEBDA6131D9}.Debug|x86.ActiveCfg = Debug|Win32
		{B024802A-A6B0-4283-8131-CCEBDA6131D9}.Debug|x86.Build.0 = Debug|Win32
		{B024802A-A6B0-4283-8131-CCEBDA6131D9}.Release|Any CPU.ActiveCfg = Release|x64
		{B024802A-A6B0-4283-8131-CCEBDA6131D9}.Release|Any CPU.Build.0 = Release|x64
		{B024802A-A6B0-4283-8131-CCEBDA6131D9}.Release|x64.ActiveCfg = Release|x64
		{B024802A-A6B0-4283-8131-CCEBDA6131D9}.Release|x64.Build.0 = Release|x64
		{B024802A-A6B0-4283-8131-CCEBDA6131D9}.Release|x86.ActiveCfg = Release|Win32
		{B024802A-A6B0-4283-8131-CCEBDA6131D9}.Release|x86.Build.0 = Release|Win32
		{BB02BFF6-E1B8-41DF-AA1E-19B1FDFDF1E8}.Debug|Any CPU.ActiveCfg = Debug|x64
		{BB02BFF6-E1B8-41DF-AA1E-19B1FDFDF1E8}.Debug|Any CPU.Build.0 = Debug|x64
		{BB02BFF6-E1B8-41DF-AA1E-19B1FDFDF1E8}.Debug|x64.ActiveCfg = Debug|x64
		{BB02BFF6-E1B8-41DF-AA1E-19B1FDFDF1E8}.Debug|x64.Build.0 = Debug|x64
		{BB02BFF6-E1B8-41DF-AA1E-19B1FDFDF1E8}.Debug|x86.ActiveCfg = Debug|Win32
		{BB02BFF6-E1B8-41DF-AA1E-19B1FDFDF1E8}.Debug|x86.Build.0 = Debug|Win32
		{BB02BFF6-E1B8-41DF-AA1E-19B1FDFDF1E8}.Release|Any CPU.ActiveCfg = Release|x64
		{BB02BFF6-E1B8-41DF-AA1E-19B1FDFDF1E8}.Release|Any CPU.Build.0 = Release|x64
		{BB02BFF6-E1B8-41DF-AA1E-19B1FDFDF1E8}.Release|x64.ActiveCfg = Release|x64
		{BB02BFF6-E1B8-41DF-AA1E-19B1FDFDF1E8}.Release|x64.Build.0 = Release|x64
		{BB02BFF6-E1B8-41DF-AA1E-19B1FDFDF1E8}.Release|x86.ActiveCfg = Release|Win32
		{BB02BFF6-E1B8-41DF-AA1E-19B1FDFDF1E8}.Release|x86.Build.0 = Release|Win32
		{08EE12CC-CA6D-49C9-86C2-F24AAEF013D8}.Debug|Any CPU.ActiveCfg = Debug|Any CPU
		{08EE12CC-CA6D-49C9-86C2-F24AAEF013D8}.Debug|Any CPU.Build.0 = Debug|Any CPU
		{08EE12CC-CA6D-49C9-86C2-F24AAEF013D8}.Debug|x64.ActiveCfg = Debug|Any CPU
		{08EE12CC-CA6D-49C9-86C2-F24AAEF013D8}.Debug|x64.Build.0 = Debug|Any CPU
		{08EE12CC-CA6D-49C9-86C2-F24AAEF013D8}.Debug|x86.ActiveCfg = Debug|Any CPU
		{08EE12CC-CA6D-49C9-86C2-F24AAEF013D8}.Debug|x86.Build.0 = Debug|Any CPU
		{08EE12CC-CA6D-49C9-86C2-F24AAEF013D8}.Release|Any CPU.ActiveCfg = Release|Any CPU
		{08EE12CC-CA6D-49C9-86C2-F24AAEF013D8}.Release|Any CPU.Build.0 = Release|Any CPU
		{08EE12CC-CA6D-49C9-86C2-F24AAEF013D8}.Release|x64.ActiveCfg = Release|Any CPU
		{08EE12CC-CA6D-49C9-86C2-F24AAEF013D8}.Release|x64.Build.0 = Release|Any CPU
		{08EE12CC-CA6D-49C9-86C2-F24AAEF013D8}.Release|x86.ActiveCfg = Release|Any CPU
		{08EE12CC-CA6D-49C9-86C2-F24AAEF013D8}.Release|x86.Build.0 = Release|Any CPU
		{870FFD8F-1D10-4B2F-970C-051998D626AF}.Debug|Any CPU.ActiveCfg = Debug|Any CPU
		{870FFD8F-1D10-4B2F-970C-051998D626AF}.Debug|Any CPU.Build.0 = Debug|Any CPU
		{870FFD8F-1D10-4B2F-970C-051998D626AF}.Debug|x64.ActiveCfg = Debug|Any CPU
		{870FFD8F-1D10-4B2F-970C-051998D626AF}.Debug|x64.Build.0 = Debug|Any CPU
		{870FFD8F-1D10-4B2F-970C-051998D626AF}.Debug|x86.ActiveCfg = Debug|Any CPU
		{870FFD8F-1D10-4B2F-970C-051998D626AF}.Debug|x86.Build.0 = Debug|Any CPU
		{870FFD8F-1D10-4B2F-970C-051998D626AF}.Release|Any CPU.ActiveCfg = Release|Any CPU
		{870FFD8F-1D10-4B2F-970C-051998D626AF}.Release|Any CPU.Build.0 = Release|Any CPU
		{870FFD8F-1D10-4B2F-970C-051998D626AF}.Release|x64.ActiveCfg = Release|Any CPU
		{870FFD8F-1D10-4B2F-970C-051998D626AF}.Release|x64.Build.0 = Release|Any CPU
		{870FFD8F-1D10-4B2F-970C-051998D626AF}.Release|x86.ActiveCfg = Release|Any CPU
		{870FFD8F-1D10-4B2F-970C-051998D626AF}.Release|x86.Build.0 = Release|Any CPU
		{C4E27FF9-E488-4280-9DA7-16D6F616827F}.Debug|Any CPU.ActiveCfg = Debug|Any CPU
		{C4E27FF9-E488-4280-9DA7-16D6F616827F}.Debug|Any CPU.Build.0 = Debug|Any CPU
		{C4E27FF9-E488-4280-9DA7-16D6F616827F}.Debug|x64.ActiveCfg = Debug|Any CPU
		{C4E27FF9-E488-4280-9DA7-16D6F616827F}.Debug|x64.Build.0 = Debug|Any CPU
		{C4E27FF9-E488-4280-9DA7-16D6F616827F}.Debug|x86.ActiveCfg = Debug|Any CPU
		{C4E27FF9-E488-4280-9DA7-16D6F616827F}.Debug|x86.Build.0 = Debug|Any CPU
		{C4E27FF9-E488-4280-9DA7-16D6F616827F}.Release|Any CPU.ActiveCfg = Release|Any CPU
		{C4E27FF9-E488-4280-9DA7-16D6F616827F}.Release|Any CPU.Build.0 = Release|Any CPU
		{C4E27FF9-E488-4280-9DA7-16D6F616827F}.Release|x64.ActiveCfg = Release|Any CPU
		{C4E27FF9-E488-4280-9DA7-16D6F616827F}.Release|x64.Build.0 = Release|Any CPU
		{C4E27FF9-E488-4280-9DA7-16D6F616827F}.Release|x86.ActiveCfg = Release|Any CPU
		{C4E27FF9-E488-4280-9DA7-16D6F616827F}.Release|x86.Build.0 = Release|Any CPU
		{7A61A0D0-2D9E-4F44-AA8E-441C5F463912}.Debug|Any CPU.ActiveCfg = Debug|Any CPU
		{7A61A0D0-2D9E-4F44-AA8E-441C5F463912}.Debug|Any CPU.Build.0 = Debug|Any CPU
		{7A61A0D0-2D9E-4F44-AA8E-441C5F463912}.Debug|x64.ActiveCfg = Debug|Any CPU
		{7A61A0D0-2D9E-4F44-AA8E-441C5F463912}.Debug|x64.Build.0 = Debug|Any CPU
		{7A61A0D0-2D9E-4F44-AA8E-441C5F463912}.Debug|x86.ActiveCfg = Debug|Any CPU
		{7A61A0D0-2D9E-4F44-AA8E-441C5F463912}.Debug|x86.Build.0 = Debug|Any CPU
		{7A61A0D0-2D9E-4F44-AA8E-441C5F463912}.Release|Any CPU.ActiveCfg = Release|Any CPU
		{7A61A0D0-2D9E-4F44-AA8E-441C5F463912}.Release|Any CPU.Build.0 = Release|Any CPU
		{7A61A0D0-2D9E-4F44-AA8E-441C5F463912}.Release|x64.ActiveCfg = Release|Any CPU
		{7A61A0D0-2D9E-4F44-AA8E-441C5F463912}.Release|x64.Build.0 = Release|Any CPU
		{7A61A0D0-2D9E-4F44-AA8E-441C5F463912}.Release|x86.ActiveCfg = Release|Any CPU
		{7A61A0D0-2D9E-4F44-AA8E-441C5F463912}.Release|x86.Build.0 = Release|Any CPU
		{27294BE3-4D60-435B-8874-E27085C1C881}.Debug|Any CPU.ActiveCfg = Debug|Any CPU
		{27294BE3-4D60-435B-8874-E27085C1C881}.Debug|Any CPU.Build.0 = Debug|Any CPU
		{27294BE3-4D60-435B-8874-E27085C1C881}.Debug|x64.ActiveCfg = Debug|Any CPU
		{27294BE3-4D60-435B-8874-E27085C1C881}.Debug|x64.Build.0 = Debug|Any CPU
		{27294BE3-4D60-435B-8874-E27085C1C881}.Debug|x86.ActiveCfg = Debug|Any CPU
		{27294BE3-4D60-435B-8874-E27085C1C881}.Debug|x86.Build.0 = Debug|Any CPU
		{27294BE3-4D60-435B-8874-E27085C1C881}.Release|Any CPU.ActiveCfg = Release|Any CPU
		{27294BE3-4D60-435B-8874-E27085C1C881}.Release|Any CPU.Build.0 = Release|Any CPU
		{27294BE3-4D60-435B-8874-E27085C1C881}.Release|x64.ActiveCfg = Release|Any CPU
		{27294BE3-4D60-435B-8874-E27085C1C881}.Release|x64.Build.0 = Release|Any CPU
		{27294BE3-4D60-435B-8874-E27085C1C881}.Release|x86.ActiveCfg = Release|Any CPU
		{27294BE3-4D60-435B-8874-E27085C1C881}.Release|x86.Build.0 = Release|Any CPU
		{75143158-FE1E-48C1-97AC-720A561C6884}.Debug|Any CPU.ActiveCfg = Debug|Any CPU
		{75143158-FE1E-48C1-97AC-720A561C6884}.Debug|Any CPU.Build.0 = Debug|Any CPU
		{75143158-FE1E-48C1-97AC-720A561C6884}.Debug|x64.ActiveCfg = Debug|Any CPU
		{75143158-FE1E-48C1-97AC-720A561C6884}.Debug|x64.Build.0 = Debug|Any CPU
		{75143158-FE1E-48C1-97AC-720A561C6884}.Debug|x86.ActiveCfg = Debug|Any CPU
		{75143158-FE1E-48C1-97AC-720A561C6884}.Debug|x86.Build.0 = Debug|Any CPU
		{75143158-FE1E-48C1-97AC-720A561C6884}.Release|Any CPU.ActiveCfg = Release|Any CPU
		{75143158-FE1E-48C1-97AC-720A561C6884}.Release|Any CPU.Build.0 = Release|Any CPU
		{75143158-FE1E-48C1-97AC-720A561C6884}.Release|x64.ActiveCfg = Release|Any CPU
		{75143158-FE1E-48C1-97AC-720A561C6884}.Release|x64.Build.0 = Release|Any CPU
		{75143158-FE1E-48C1-97AC-720A561C6884}.Release|x86.ActiveCfg = Release|Any CPU
		{75143158-FE1E-48C1-97AC-720A561C6884}.Release|x86.Build.0 = Release|Any CPU
	EndGlobalSection
	GlobalSection(SolutionProperties) = preSolution
		HideSolutionNode = FALSE
	EndGlobalSection
	GlobalSection(NestedProjects) = preSolution
		{CE0E1404-16AD-4E46-BD20-BB3928E51F89} = {8033DDD2-AE08-4F77-87EB-6BCC0817540F}
		{E56B5973-E1D7-4656-8927-812339C70EA0} = {8033DDD2-AE08-4F77-87EB-6BCC0817540F}
		{B024802A-A6B0-4283-8131-CCEBDA6131D9} = {8033DDD2-AE08-4F77-87EB-6BCC0817540F}
		{BB02BFF6-E1B8-41DF-AA1E-19B1FDFDF1E8} = {8033DDD2-AE08-4F77-87EB-6BCC0817540F}
		{08EE12CC-CA6D-49C9-86C2-F24AAEF013D8} = {34877DAB-12CF-47E8-84B3-17CFD4CAAC9A}
		{870FFD8F-1D10-4B2F-970C-051998D626AF} = {34877DAB-12CF-47E8-84B3-17CFD4CAAC9A}
		{C4E27FF9-E488-4280-9DA7-16D6F616827F} = {34877DAB-12CF-47E8-84B3-17CFD4CAAC9A}
		{7A61A0D0-2D9E-4F44-AA8E-441C5F463912} = {34877DAB-12CF-47E8-84B3-17CFD4CAAC9A}
		{27294BE3-4D60-435B-8874-E27085C1C881} = {34877DAB-12CF-47E8-84B3-17CFD4CAAC9A}
		{75143158-FE1E-48C1-97AC-720A561C6884} = {34877DAB-12CF-47E8-84B3-17CFD4CAAC9A}
	EndGlobalSection
	GlobalSection(ExtensibilityGlobals) = postSolution
		SolutionGuid = {3C0E532A-B0C7-43EF-A2DB-DF0D2884F103}
	EndGlobalSection
EndGlobal
